// !$*UTF8*$!
{
	archiveVersion = 1;
	classes = {
	};
	objectVersion = 56;
	objects = {

/* Begin PBXBuildFile section */
		1F237BF52AD01CFE007D73C5 /* SplashViewController.xib in Resources */ = {isa = PBXBuildFile; fileRef = 1F237BF42AD01CFE007D73C5 /* SplashViewController.xib */; };
		1FB618292ACC859100548315 /* DetailViewController.swift in Sources */ = {isa = PBXBuildFile; fileRef = 1FB618272ACC859100548315 /* DetailViewController.swift */; };
		1FB6182A2ACC859100548315 /* DetailViewController.xib in Resources */ = {isa = PBXBuildFile; fileRef = 1FB618282ACC859100548315 /* DetailViewController.xib */; };
		1FB618382ACC8EC700548315 /* HomeCellModel.swift in Sources */ = {isa = PBXBuildFile; fileRef = 1FB618372ACC8EC700548315 /* HomeCellModel.swift */; };
		1FD917D12ACB496F007143F9 /* AppDelegate.swift in Sources */ = {isa = PBXBuildFile; fileRef = 1FD917D02ACB496F007143F9 /* AppDelegate.swift */; };
		1FD917D32ACB496F007143F9 /* SceneDelegate.swift in Sources */ = {isa = PBXBuildFile; fileRef = 1FD917D22ACB496F007143F9 /* SceneDelegate.swift */; };
		1FD917DA2ACB4972007143F9 /* Assets.xcassets in Resources */ = {isa = PBXBuildFile; fileRef = 1FD917D92ACB4972007143F9 /* Assets.xcassets */; };
		1FD917DD2ACB4972007143F9 /* LaunchScreen.storyboard in Resources */ = {isa = PBXBuildFile; fileRef = 1FD917DB2ACB4972007143F9 /* LaunchScreen.storyboard */; };
		1FD917E62ACB53F1007143F9 /* SplashViewController.swift in Sources */ = {isa = PBXBuildFile; fileRef = 1FD917E42ACB53F1007143F9 /* SplashViewController.swift */; };
		1FD917EA2ACB5A3C007143F9 /* HomeTableViewController.swift in Sources */ = {isa = PBXBuildFile; fileRef = 1FD917E82ACB5A3C007143F9 /* HomeTableViewController.swift */; };
		1FD917EB2ACB5A3C007143F9 /* HomeTableViewController.xib in Resources */ = {isa = PBXBuildFile; fileRef = 1FD917E92ACB5A3C007143F9 /* HomeTableViewController.xib */; };
		1FD917EE2ACB5EAF007143F9 /* HomeTableViewCell.swift in Sources */ = {isa = PBXBuildFile; fileRef = 1FD917EC2ACB5EAF007143F9 /* HomeTableViewCell.swift */; };
		1FD917EF2ACB5EAF007143F9 /* HomeTableViewCell.xib in Resources */ = {isa = PBXBuildFile; fileRef = 1FD917ED2ACB5EAF007143F9 /* HomeTableViewCell.xib */; };
		1FD917F12ACB6557007143F9 /* CharacterModel.swift in Sources */ = {isa = PBXBuildFile; fileRef = 1FD917F02ACB6557007143F9 /* CharacterModel.swift */; };
/* End PBXBuildFile section */

/* Begin PBXFileReference section */
		1F237BF42AD01CFE007D73C5 /* SplashViewController.xib */ = {isa = PBXFileReference; fileEncoding = 4; lastKnownFileType = file.xib; path = SplashViewController.xib; sourceTree = "<group>"; };
		1FB618272ACC859100548315 /* DetailViewController.swift */ = {isa = PBXFileReference; lastKnownFileType = sourcecode.swift; path = DetailViewController.swift; sourceTree = "<group>"; };
		1FB618282ACC859100548315 /* DetailViewController.xib */ = {isa = PBXFileReference; lastKnownFileType = file.xib; path = DetailViewController.xib; sourceTree = "<group>"; };
		1FB618372ACC8EC700548315 /* HomeCellModel.swift */ = {isa = PBXFileReference; lastKnownFileType = sourcecode.swift; path = HomeCellModel.swift; sourceTree = "<group>"; };
		1FD917CD2ACB496F007143F9 /* MVCPatrones.app */ = {isa = PBXFileReference; explicitFileType = wrapper.application; includeInIndex = 0; path = MVCPatrones.app; sourceTree = BUILT_PRODUCTS_DIR; };
		1FD917D02ACB496F007143F9 /* AppDelegate.swift */ = {isa = PBXFileReference; lastKnownFileType = sourcecode.swift; path = AppDelegate.swift; sourceTree = "<group>"; };
		1FD917D22ACB496F007143F9 /* SceneDelegate.swift */ = {isa = PBXFileReference; lastKnownFileType = sourcecode.swift; path = SceneDelegate.swift; sourceTree = "<group>"; };
		1FD917D92ACB4972007143F9 /* Assets.xcassets */ = {isa = PBXFileReference; lastKnownFileType = folder.assetcatalog; path = Assets.xcassets; sourceTree = "<group>"; };
		1FD917DC2ACB4972007143F9 /* Base */ = {isa = PBXFileReference; lastKnownFileType = file.storyboard; name = Base; path = Base.lproj/LaunchScreen.storyboard; sourceTree = "<group>"; };
		1FD917DE2ACB4972007143F9 /* Info.plist */ = {isa = PBXFileReference; lastKnownFileType = text.plist.xml; path = Info.plist; sourceTree = "<group>"; };
		1FD917E42ACB53F1007143F9 /* SplashViewController.swift */ = {isa = PBXFileReference; lastKnownFileType = sourcecode.swift; path = SplashViewController.swift; sourceTree = "<group>"; };
		1FD917E82ACB5A3C007143F9 /* HomeTableViewController.swift */ = {isa = PBXFileReference; lastKnownFileType = sourcecode.swift; path = HomeTableViewController.swift; sourceTree = "<group>"; };
		1FD917E92ACB5A3C007143F9 /* HomeTableViewController.xib */ = {isa = PBXFileReference; lastKnownFileType = file.xib; path = HomeTableViewController.xib; sourceTree = "<group>"; };
		1FD917EC2ACB5EAF007143F9 /* HomeTableViewCell.swift */ = {isa = PBXFileReference; lastKnownFileType = sourcecode.swift; path = HomeTableViewCell.swift; sourceTree = "<group>"; };
		1FD917ED2ACB5EAF007143F9 /* HomeTableViewCell.xib */ = {isa = PBXFileReference; lastKnownFileType = file.xib; path = HomeTableViewCell.xib; sourceTree = "<group>"; };
		1FD917F02ACB6557007143F9 /* CharacterModel.swift */ = {isa = PBXFileReference; lastKnownFileType = sourcecode.swift; path = CharacterModel.swift; sourceTree = "<group>"; };
/* End PBXFileReference section */

/* Begin PBXFrameworksBuildPhase section */
		1FD917CA2ACB496F007143F9 /* Frameworks */ = {
			isa = PBXFrameworksBuildPhase;
			buildActionMask = 2147483647;
			files = (
			);
			runOnlyForDeploymentPostprocessing = 0;
		};
/* End PBXFrameworksBuildPhase section */

/* Begin PBXGroup section */
		1F9462472AD00D2B003CAACF /* View */ = {
			isa = PBXGroup;
			children = (
				1FD917E92ACB5A3C007143F9 /* HomeTableViewController.xib */,
			);
			path = View;
			sourceTree = "<group>";
		};
		1F9462482AD0139C003CAACF /* ViewController */ = {
			isa = PBXGroup;
			children = (
				1FD917E82ACB5A3C007143F9 /* HomeTableViewController.swift */,
			);
			path = ViewController;
			sourceTree = "<group>";
		};
		1F9462492AD01C34003CAACF /* ViewController */ = {
			isa = PBXGroup;
			children = (
				1FD917E42ACB53F1007143F9 /* SplashViewController.swift */,
			);
			path = ViewController;
			sourceTree = "<group>";
		};
		1F94624A2AD01C3F003CAACF /* View */ = {
			isa = PBXGroup;
			children = (
				1FD917DB2ACB4972007143F9 /* LaunchScreen.storyboard */,
				1F237BF42AD01CFE007D73C5 /* SplashViewController.xib */,
			);
			path = View;
			sourceTree = "<group>";
		};
		1FB6182B2ACC8BFC00548315 /* App */ = {
			isa = PBXGroup;
			children = (
				1FD917D02ACB496F007143F9 /* AppDelegate.swift */,
				1FD917D22ACB496F007143F9 /* SceneDelegate.swift */,
			);
			path = App;
			sourceTree = "<group>";
		};
		1FB6182C2ACC8C1600548315 /* Resources */ = {
			isa = PBXGroup;
			children = (
				1FD917D92ACB4972007143F9 /* Assets.xcassets */,
			);
			path = Resources;
			sourceTree = "<group>";
		};
		1FB6182D2ACC8C2A00548315 /* UI */ = {
			isa = PBXGroup;
			children = (
				1FB6182E2ACC8C5B00548315 /* Splash */,
				1FB6182F2ACC8C6A00548315 /* Home */,
				1FB618302ACC8C7500548315 /* Detail */,
			);
			path = UI;
			sourceTree = "<group>";
		};
		1FB6182E2ACC8C5B00548315 /* Splash */ = {
			isa = PBXGroup;
			children = (
				1F9462492AD01C34003CAACF /* ViewController */,
				1F94624A2AD01C3F003CAACF /* View */,
			);
			path = Splash;
			sourceTree = "<group>";
		};
		1FB6182F2ACC8C6A00548315 /* Home */ = {
			isa = PBXGroup;
			children = (
				1FB618362ACC8E9B00548315 /* Model */,
				1F9462482AD0139C003CAACF /* ViewController */,
				1F9462472AD00D2B003CAACF /* View */,
				1FB618312ACC8CE000548315 /* Cell */,
			);
			path = Home;
			sourceTree = "<group>";
		};
		1FB618302ACC8C7500548315 /* Detail */ = {
			isa = PBXGroup;
			children = (
				1FB618352ACC8D3D00548315 /* ViewController */,
				1FB618342ACC8D3300548315 /* View */,
			);
			path = Detail;
			sourceTree = "<group>";
		};
		1FB618312ACC8CE000548315 /* Cell */ = {
			isa = PBXGroup;
			children = (
				1FD917EC2ACB5EAF007143F9 /* HomeTableViewCell.swift */,
				1FD917ED2ACB5EAF007143F9 /* HomeTableViewCell.xib */,
			);
			path = Cell;
			sourceTree = "<group>";
		};
		1FB618322ACC8CFC00548315 /* Domain */ = {
			isa = PBXGroup;
			children = (
				1FB618332ACC8D1F00548315 /* Models */,
				1FD917F02ACB6557007143F9 /* CharacterModel.swift */,
			);
			path = Domain;
			sourceTree = "<group>";
		};
		1FB618332ACC8D1F00548315 /* Models */ = {
			isa = PBXGroup;
			children = (
			);
			path = Models;
			sourceTree = "<group>";
		};
		1FB618342ACC8D3300548315 /* View */ = {
			isa = PBXGroup;
			children = (
				1FB618282ACC859100548315 /* DetailViewController.xib */,
			);
			path = View;
			sourceTree = "<group>";
		};
		1FB618352ACC8D3D00548315 /* ViewController */ = {
			isa = PBXGroup;
			children = (
				1FB618272ACC859100548315 /* DetailViewController.swift */,
			);
			path = ViewController;
			sourceTree = "<group>";
		};
		1FB618362ACC8E9B00548315 /* Model */ = {
			isa = PBXGroup;
			children = (
				1FB618372ACC8EC700548315 /* HomeCellModel.swift */,
			);
			path = Model;
			sourceTree = "<group>";
		};
		1FD917C42ACB496F007143F9 = {
			isa = PBXGroup;
			children = (
				1FD917CF2ACB496F007143F9 /* MVCPatrones */,
				1FD917CE2ACB496F007143F9 /* Products */,
			);
			sourceTree = "<group>";
		};
		1FD917CE2ACB496F007143F9 /* Products */ = {
			isa = PBXGroup;
			children = (
				1FD917CD2ACB496F007143F9 /* MVCPatrones.app */,
			);
			name = Products;
			sourceTree = "<group>";
		};
		1FD917CF2ACB496F007143F9 /* MVCPatrones */ = {
			isa = PBXGroup;
			children = (
				1FB6182B2ACC8BFC00548315 /* App */,
				1FB6182C2ACC8C1600548315 /* Resources */,
				1FB618322ACC8CFC00548315 /* Domain */,
				1FB6182D2ACC8C2A00548315 /* UI */,
				1FD917DE2ACB4972007143F9 /* Info.plist */,
			);
			path = MVCPatrones;
			sourceTree = "<group>";
		};
/* End PBXGroup section */

/* Begin PBXNativeTarget section */
		1FD917CC2ACB496F007143F9 /* MVCPatrones */ = {
			isa = PBXNativeTarget;
			buildConfigurationList = 1FD917E12ACB4972007143F9 /* Build configuration list for PBXNativeTarget "MVCPatrones" */;
			buildPhases = (
				1FD917C92ACB496F007143F9 /* Sources */,
				1FD917CA2ACB496F007143F9 /* Frameworks */,
				1FD917CB2ACB496F007143F9 /* Resources */,
			);
			buildRules = (
			);
			dependencies = (
			);
			name = MVCPatrones;
			productName = MVCPatrones;
			productReference = 1FD917CD2ACB496F007143F9 /* MVCPatrones.app */;
			productType = "com.apple.product-type.application";
		};
/* End PBXNativeTarget section */

/* Begin PBXProject section */
		1FD917C52ACB496F007143F9 /* Project object */ = {
			isa = PBXProject;
			attributes = {
				BuildIndependentTargetsInParallel = 1;
				LastSwiftUpdateCheck = 1420;
				LastUpgradeCheck = 1420;
				TargetAttributes = {
					1FD917CC2ACB496F007143F9 = {
						CreatedOnToolsVersion = 14.2;
					};
				};
			};
			buildConfigurationList = 1FD917C82ACB496F007143F9 /* Build configuration list for PBXProject "MVCPatrones" */;
			compatibilityVersion = "Xcode 14.0";
			developmentRegion = en;
			hasScannedForEncodings = 0;
			knownRegions = (
				en,
				Base,
			);
			mainGroup = 1FD917C42ACB496F007143F9;
			productRefGroup = 1FD917CE2ACB496F007143F9 /* Products */;
			projectDirPath = "";
			projectRoot = "";
			targets = (
				1FD917CC2ACB496F007143F9 /* MVCPatrones */,
			);
		};
/* End PBXProject section */

/* Begin PBXResourcesBuildPhase section */
		1FD917CB2ACB496F007143F9 /* Resources */ = {
			isa = PBXResourcesBuildPhase;
			buildActionMask = 2147483647;
			files = (
				1FD917EB2ACB5A3C007143F9 /* HomeTableViewController.xib in Resources */,
				1FB6182A2ACC859100548315 /* DetailViewController.xib in Resources */,
				1FD917DD2ACB4972007143F9 /* LaunchScreen.storyboard in Resources */,
				1F237BF52AD01CFE007D73C5 /* SplashViewController.xib in Resources */,
				1FD917EF2ACB5EAF007143F9 /* HomeTableViewCell.xib in Resources */,
				1FD917DA2ACB4972007143F9 /* Assets.xcassets in Resources */,
			);
			runOnlyForDeploymentPostprocessing = 0;
		};
/* End PBXResourcesBuildPhase section */

/* Begin PBXSourcesBuildPhase section */
		1FD917C92ACB496F007143F9 /* Sources */ = {
			isa = PBXSourcesBuildPhase;
			buildActionMask = 2147483647;
			files = (
				1FB618382ACC8EC700548315 /* HomeCellModel.swift in Sources */,
				1FD917EA2ACB5A3C007143F9 /* HomeTableViewController.swift in Sources */,
				1FD917EE2ACB5EAF007143F9 /* HomeTableViewCell.swift in Sources */,
				1FD917D12ACB496F007143F9 /* AppDelegate.swift in Sources */,
				1FD917F12ACB6557007143F9 /* CharacterModel.swift in Sources */,
				1FD917D32ACB496F007143F9 /* SceneDelegate.swift in Sources */,
				1FD917E62ACB53F1007143F9 /* SplashViewController.swift in Sources */,
				1FB618292ACC859100548315 /* DetailViewController.swift in Sources */,
			);
			runOnlyForDeploymentPostprocessing = 0;
		};
/* End PBXSourcesBuildPhase section */

/* Begin PBXVariantGroup section */
		1FD917DB2ACB4972007143F9 /* LaunchScreen.storyboard */ = {
			isa = PBXVariantGroup;
			children = (
				1FD917DC2ACB4972007143F9 /* Base */,
			);
			name = LaunchScreen.storyboard;
			sourceTree = "<group>";
		};
/* End PBXVariantGroup section */

/* Begin XCBuildConfiguration section */
		1FD917DF2ACB4972007143F9 /* Debug */ = {
			isa = XCBuildConfiguration;
			buildSettings = {
				ALWAYS_SEARCH_USER_PATHS = NO;
				CLANG_ANALYZER_NONNULL = YES;
				CLANG_ANALYZER_NUMBER_OBJECT_CONVERSION = YES_AGGRESSIVE;
				CLANG_CXX_LANGUAGE_STANDARD = "gnu++20";
				CLANG_ENABLE_MODULES = YES;
				CLANG_ENABLE_OBJC_ARC = YES;
				CLANG_ENABLE_OBJC_WEAK = YES;
				CLANG_WARN_BLOCK_CAPTURE_AUTORELEASING = YES;
				CLANG_WARN_BOOL_CONVERSION = YES;
				CLANG_WARN_COMMA = YES;
				CLANG_WARN_CONSTANT_CONVERSION = YES;
				CLANG_WARN_DEPRECATED_OBJC_IMPLEMENTATIONS = YES;
				CLANG_WARN_DIRECT_OBJC_ISA_USAGE = YES_ERROR;
				CLANG_WARN_DOCUMENTATION_COMMENTS = YES;
				CLANG_WARN_EMPTY_BODY = YES;
				CLANG_WARN_ENUM_CONVERSION = YES;
				CLANG_WARN_INFINITE_RECURSION = YES;
				CLANG_WARN_INT_CONVERSION = YES;
				CLANG_WARN_NON_LITERAL_NULL_CONVERSION = YES;
				CLANG_WARN_OBJC_IMPLICIT_RETAIN_SELF = YES;
				CLANG_WARN_OBJC_LITERAL_CONVERSION = YES;
				CLANG_WARN_OBJC_ROOT_CLASS = YES_ERROR;
				CLANG_WARN_QUOTED_INCLUDE_IN_FRAMEWORK_HEADER = YES;
				CLANG_WARN_RANGE_LOOP_ANALYSIS = YES;
				CLANG_WARN_STRICT_PROTOTYPES = YES;
				CLANG_WARN_SUSPICIOUS_MOVE = YES;
				CLANG_WARN_UNGUARDED_AVAILABILITY = YES_AGGRESSIVE;
				CLANG_WARN_UNREACHABLE_CODE = YES;
				CLANG_WARN__DUPLICATE_METHOD_MATCH = YES;
				COPY_PHASE_STRIP = NO;
				DEBUG_INFORMATION_FORMAT = dwarf;
				ENABLE_STRICT_OBJC_MSGSEND = YES;
				ENABLE_TESTABILITY = YES;
				GCC_C_LANGUAGE_STANDARD = gnu11;
				GCC_DYNAMIC_NO_PIC = NO;
				GCC_NO_COMMON_BLOCKS = YES;
				GCC_OPTIMIZATION_LEVEL = 0;
				GCC_PREPROCESSOR_DEFINITIONS = (
					"DEBUG=1",
					"$(inherited)",
				);
				GCC_WARN_64_TO_32_BIT_CONVERSION = YES;
				GCC_WARN_ABOUT_RETURN_TYPE = YES_ERROR;
				GCC_WARN_UNDECLARED_SELECTOR = YES;
				GCC_WARN_UNINITIALIZED_AUTOS = YES_AGGRESSIVE;
				GCC_WARN_UNUSED_FUNCTION = YES;
				GCC_WARN_UNUSED_VARIABLE = YES;
				IPHONEOS_DEPLOYMENT_TARGET = 16.2;
				MTL_ENABLE_DEBUG_INFO = INCLUDE_SOURCE;
				MTL_FAST_MATH = YES;
				ONLY_ACTIVE_ARCH = YES;
				SDKROOT = iphoneos;
				SWIFT_ACTIVE_COMPILATION_CONDITIONS = DEBUG;
				SWIFT_OPTIMIZATION_LEVEL = "-Onone";
			};
			name = Debug;
		};
		1FD917E02ACB4972007143F9 /* Release */ = {
			isa = XCBuildConfiguration;
			buildSettings = {
				ALWAYS_SEARCH_USER_PATHS = NO;
				CLANG_ANALYZER_NONNULL = YES;
				CLANG_ANALYZER_NUMBER_OBJECT_CONVERSION = YES_AGGRESSIVE;
				CLANG_CXX_LANGUAGE_STANDARD = "gnu++20";
				CLANG_ENABLE_MODULES = YES;
				CLANG_ENABLE_OBJC_ARC = YES;
				CLANG_ENABLE_OBJC_WEAK = YES;
				CLANG_WARN_BLOCK_CAPTURE_AUTORELEASING = YES;
				CLANG_WARN_BOOL_CONVERSION = YES;
				CLANG_WARN_COMMA = YES;
				CLANG_WARN_CONSTANT_CONVERSION = YES;
				CLANG_WARN_DEPRECATED_OBJC_IMPLEMENTATIONS = YES;
				CLANG_WARN_DIRECT_OBJC_ISA_USAGE = YES_ERROR;
				CLANG_WARN_DOCUMENTATION_COMMENTS = YES;
				CLANG_WARN_EMPTY_BODY = YES;
				CLANG_WARN_ENUM_CONVERSION = YES;
				CLANG_WARN_INFINITE_RECURSION = YES;
				CLANG_WARN_INT_CONVERSION = YES;
				CLANG_WARN_NON_LITERAL_NULL_CONVERSION = YES;
				CLANG_WARN_OBJC_IMPLICIT_RETAIN_SELF = YES;
				CLANG_WARN_OBJC_LITERAL_CONVERSION = YES;
				CLANG_WARN_OBJC_ROOT_CLASS = YES_ERROR;
				CLANG_WARN_QUOTED_INCLUDE_IN_FRAMEWORK_HEADER = YES;
				CLANG_WARN_RANGE_LOOP_ANALYSIS = YES;
				CLANG_WARN_STRICT_PROTOTYPES = YES;
				CLANG_WARN_SUSPICIOUS_MOVE = YES;
				CLANG_WARN_UNGUARDED_AVAILABILITY = YES_AGGRESSIVE;
				CLANG_WARN_UNREACHABLE_CODE = YES;
				CLANG_WARN__DUPLICATE_METHOD_MATCH = YES;
				COPY_PHASE_STRIP = NO;
				DEBUG_INFORMATION_FORMAT = "dwarf-with-dsym";
				ENABLE_NS_ASSERTIONS = NO;
				ENABLE_STRICT_OBJC_MSGSEND = YES;
				GCC_C_LANGUAGE_STANDARD = gnu11;
				GCC_NO_COMMON_BLOCKS = YES;
				GCC_WARN_64_TO_32_BIT_CONVERSION = YES;
				GCC_WARN_ABOUT_RETURN_TYPE = YES_ERROR;
				GCC_WARN_UNDECLARED_SELECTOR = YES;
				GCC_WARN_UNINITIALIZED_AUTOS = YES_AGGRESSIVE;
				GCC_WARN_UNUSED_FUNCTION = YES;
				GCC_WARN_UNUSED_VARIABLE = YES;
				IPHONEOS_DEPLOYMENT_TARGET = 16.2;
				MTL_ENABLE_DEBUG_INFO = NO;
				MTL_FAST_MATH = YES;
				SDKROOT = iphoneos;
				SWIFT_COMPILATION_MODE = wholemodule;
				SWIFT_OPTIMIZATION_LEVEL = "-O";
				VALIDATE_PRODUCT = YES;
			};
			name = Release;
		};
		1FD917E22ACB4972007143F9 /* Debug */ = {
			isa = XCBuildConfiguration;
			buildSettings = {
				ASSETCATALOG_COMPILER_APPICON_NAME = AppIcon;
				ASSETCATALOG_COMPILER_GLOBAL_ACCENT_COLOR_NAME = AccentColor;
				CODE_SIGN_STYLE = Automatic;
				CURRENT_PROJECT_VERSION = 1;
				DEVELOPMENT_TEAM = Z6336UHQ5Z;
				GENERATE_INFOPLIST_FILE = YES;
				INFOPLIST_FILE = MVCPatrones/Info.plist;
				INFOPLIST_KEY_UIApplicationSupportsIndirectInputEvents = YES;
				INFOPLIST_KEY_UILaunchStoryboardName = LaunchScreen;
				INFOPLIST_KEY_UISupportedInterfaceOrientations_iPad = "UIInterfaceOrientationPortrait UIInterfaceOrientationPortraitUpsideDown UIInterfaceOrientationLandscapeLeft UIInterfaceOrientationLandscapeRight";
				INFOPLIST_KEY_UISupportedInterfaceOrientations_iPhone = "UIInterfaceOrientationPortrait UIInterfaceOrientationLandscapeLeft UIInterfaceOrientationLandscapeRight";
				LD_RUNPATH_SEARCH_PATHS = (
					"$(inherited)",
					"@executable_path/Frameworks",
				);
				MARKETING_VERSION = 1.0;
				PRODUCT_BUNDLE_IDENTIFIER = IBV.MVCPatrones;
				PRODUCT_NAME = "$(TARGET_NAME)";
				SWIFT_EMIT_LOC_STRINGS = YES;
				SWIFT_VERSION = 5.0;
				TARGETED_DEVICE_FAMILY = "1,2";
			};
			name = Debug;
		};
		1FD917E32ACB4972007143F9 /* Release */ = {
			isa = XCBuildConfiguration;
			buildSettings = {
				ASSETCATALOG_COMPILER_APPICON_NAME = AppIcon;
				ASSETCATALOG_COMPILER_GLOBAL_ACCENT_COLOR_NAME = AccentColor;
				CODE_SIGN_STYLE = Automatic;
				CURRENT_PROJECT_VERSION = 1;
				DEVELOPMENT_TEAM = Z6336UHQ5Z;
				GENERATE_INFOPLIST_FILE = YES;
				INFOPLIST_FILE = MVCPatrones/Info.plist;
				INFOPLIST_KEY_UIApplicationSupportsIndirectInputEvents = YES;
				INFOPLIST_KEY_UILaunchStoryboardName = LaunchScreen;
				INFOPLIST_KEY_UISupportedInterfaceOrientations_iPad = "UIInterfaceOrientationPortrait UIInterfaceOrientationPortraitUpsideDown UIInterfaceOrientationLandscapeLeft UIInterfaceOrientationLandscapeRight";
				INFOPLIST_KEY_UISupportedInterfaceOrientations_iPhone = "UIInterfaceOrientationPortrait UIInterfaceOrientationLandscapeLeft UIInterfaceOrientationLandscapeRight";
				LD_RUNPATH_SEARCH_PATHS = (
					"$(inherited)",
					"@executable_path/Frameworks",
				);
				MARKETING_VERSION = 1.0;
				PRODUCT_BUNDLE_IDENTIFIER = IBV.MVCPatrones;
				PRODUCT_NAME = "$(TARGET_NAME)";
				SWIFT_EMIT_LOC_STRINGS = YES;
				SWIFT_VERSION = 5.0;
				TARGETED_DEVICE_FAMILY = "1,2";
			};
			name = Release;
		};
/* End XCBuildConfiguration section */

/* Begin XCConfigurationList section */
		1FD917C82ACB496F007143F9 /* Build configuration list for PBXProject "MVCPatrones" */ = {
			isa = XCConfigurationList;
			buildConfigurations = (
				1FD917DF2ACB4972007143F9 /* Debug */,
				1FD917E02ACB4972007143F9 /* Release */,
			);
			defaultConfigurationIsVisible = 0;
			defaultConfigurationName = Release;
		};
		1FD917E12ACB4972007143F9 /* Build configuration list for PBXNativeTarget "MVCPatrones" */ = {
			isa = XCConfigurationList;
			buildConfigurations = (
				1FD917E22ACB4972007143F9 /* Debug */,
				1FD917E32ACB4972007143F9 /* Release */,
			);
			defaultConfigurationIsVisible = 0;
			defaultConfigurationName = Release;
		};
/* End XCConfigurationList section */
	};
	rootObject = 1FD917C52ACB496F007143F9 /* Project object */;
}
